{
  "originHash" : "d3862b87bdc9f0199687a58ca29e695029620eba06685061cd3fc378a8c29212",
  "pins" : [
    {
      "identity" : "keyboardshortcuts",
      "kind" : "remoteSourceControl",
      "location" : "https://github.com/sindresorhus/KeyboardShortcuts",
      "state" : {
        "revision" : "772133d9dbe800fdac0473226822994c5c162c58",
        "version" : "3.1.0"
      }
    }
  ],
  "version" : 3
}
